
Microsoft Visual Studio Solution File, Format Version 12.00
# Visual Studio Version 17
VisualStudioVersion = 17.5.2.0
MinimumVisualStudioVersion = 10.0.40219.1
Project("{2150E333-8FDC-42A3-9474-1A3956D46DE8}") = "MediBook.AuthService", "MediBook.AuthService", "{E77D41BF-B4B5-C8E8-775D-87E29CB2D353}"
EndProject
Project("{FAE04EC0-301F-11D3-BF4B-00C04F79EFBC}") = "MediBook.AuthService", "MediBook.AuthService\MediBook.AuthService\MediBook.AuthService.csproj", "{9F550AD2-AA39-A387-EF72-AF791D48E5CB}"
EndProject
Project("{FAE04EC0-301F-11D3-BF4B-00C04F79EFBC}") = "MediBook.ProviderService", "MediBook.ProviderService\MediBook.ProviderService.csproj", "{93FBCD9B-09E1-450C-9013-84A754920242}"
EndProject
Project("{FAE04EC0-301F-11D3-BF4B-00C04F79EFBC}") = "MediBook.AvailabilityService", "MediBook.AvailabilityService\MediBook.AvailabilityService.csproj", "{3E76A9A0-C933-4F0C-8E6D-2ED8B27804A1}"
EndProject
Project("{FAE04EC0-301F-11D3-BF4B-00C04F79EFBC}") = "MediBook.AppointmentService", "MediBook.AppointmentService\MediBook.AppointmentService.csproj", "{926822A4-9A1D-4195-A986-E921C90DBA6F}"
EndProject
Global
	GlobalSection(SolutionConfigurationPlatforms) = preSolution
		Debug|Any CPU = Debug|Any CPU
		Debug|x64 = Debug|x64
		Debug|x86 = Debug|x86
		Release|Any CPU = Release|Any CPU
		Release|x64 = Release|x64
		Release|x86 = Release|x86
	EndGlobalSection
	GlobalSection(ProjectConfigurationPlatforms) = postSolution
		{9F550AD2-AA39-A387-EF72-AF791D48E5CB}.Debug|Any CPU.ActiveCfg = Debug|Any CPU
		{9F550AD2-AA39-A387-EF72-AF791D48E5CB}.Debug|Any CPU.Build.0 = Debug|Any CPU
		{9F550AD2-AA39-A387-EF72-AF791D48E5CB}.Debug|x64.ActiveCfg = Debug|Any CPU
		{9F550AD2-AA39-A387-EF72-AF791D48E5CB}.Debug|x64.Build.0 = Debug|Any CPU
		{9F550AD2-AA39-A387-EF72-AF791D48E5CB}.Debug|x86.ActiveCfg = Debug|Any CPU
		{9F550AD2-AA39-A387-EF72-AF791D48E5CB}.Debug|x86.Build.0 = Debug|Any CPU
		{9F550AD2-AA39-A387-EF72-AF791D48E5CB}.Release|Any CPU.ActiveCfg = Release|Any CPU
		{9F550AD2-AA39-A387-EF72-AF791D48E5CB}.Release|Any CPU.Build.0 = Release|Any CPU
		{9F550AD2-AA39-A387-EF72-AF791D48E5CB}.Release|x64.ActiveCfg = Release|Any CPU
		{9F550AD2-AA39-A387-EF72-AF791D48E5CB}.Release|x64.Build.0 = Release|Any CPU
		{9F550AD2-AA39-A387-EF72-AF791D48E5CB}.Release|x86.ActiveCfg = Release|Any CPU
		{9F550AD2-AA39-A387-EF72-AF791D48E5CB}.Release|x86.Build.0 = Release|Any CPU
		{93FBCD9B-09E1-450C-9013-84A754920242}.Debug|Any CPU.ActiveCfg = Debug|Any CPU
		{93FBCD9B-09E1-450C-9013-84A754920242}.Debug|Any CPU.Build.0 = Debug|Any CPU
		{93FBCD9B-09E1-450C-9013-84A754920242}.Debug|x64.ActiveCfg = Debug|Any CPU
		{93FBCD9B-09E1-450C-9013-84A754920242}.Debug|x64.Build.0 = Debug|Any CPU
		{93FBCD9B-09E1-450C-9013-84A754920242}.Debug|x86.ActiveCfg = Debug|Any CPU
		{93FBCD9B-09E1-450C-9013-84A754920242}.Debug|x86.Build.0 = Debug|Any CPU
		{93FBCD9B-09E1-450C-9013-84A754920242}.Release|Any CPU.ActiveCfg = Release|Any CPU
		{93FBCD9B-09E1-450C-9013-84A754920242}.Release|Any CPU.Build.0 = Release|Any CPU
		{93FBCD9B-09E1-450C-9013-84A754920242}.Release|x64.ActiveCfg = Release|Any CPU
		{93FBCD9B-09E1-450C-9013-84A754920242}.Release|x64.Build.0 = Release|Any CPU
		{93FBCD9B-09E1-450C-9013-84A754920242}.Release|x86.ActiveCfg = Release|Any CPU
		{93FBCD9B-09E1-450C-9013-84A754920242}.Release|x86.Build.0 = Release|Any CPU
		{3E76A9A0-C933-4F0C-8E6D-2ED8B27804A1}.Debug|Any CPU.ActiveCfg = Debug|Any CPU
		{3E76A9A0-C933-4F0C-8E6D-2ED8B27804A1}.Debug|Any CPU.Build.0 = Debug|Any CPU
		{3E76A9A0-C933-4F0C-8E6D-2ED8B27804A1}.Debug|x64.ActiveCfg = Debug|Any CPU
		{3E76A9A0-C933-4F0C-8E6D-2ED8B27804A1}.Debug|x64.Build.0 = Debug|Any CPU
		{3E76A9A0-C933-4F0C-8E6D-2ED8B27804A1}.Debug|x86.ActiveCfg = Debug|Any CPU
		{3E76A9A0-C933-4F0C-8E6D-2ED8B27804A1}.Debug|x86.Build.0 = Debug|Any CPU
		{3E76A9A0-C933-4F0C-8E6D-2ED8B27804A1}.Release|Any CPU.ActiveCfg = Release|Any CPU
		{3E76A9A0-C933-4F0C-8E6D-2ED8B27804A1}.Release|Any CPU.Build.0 = Release|Any CPU
		{3E76A9A0-C933-4F0C-8E6D-2ED8B27804A1}.Release|x64.ActiveCfg = Release|Any CPU
		{3E76A9A0-C933-4F0C-8E6D-2ED8B27804A1}.Release|x64.Build.0 = Release|Any CPU
		{3E76A9A0-C933-4F0C-8E6D-2ED8B27804A1}.Release|x86.ActiveCfg = Release|Any CPU
		{3E76A9A0-C933-4F0C-8E6D-2ED8B27804A1}.Release|x86.Build.0 = Release|Any CPU
		{926822A4-9A1D-4195-A986-E921C90DBA6F}.Debug|Any CPU.ActiveCfg = Debug|Any CPU
		{926822A4-9A1D-4195-A986-E921C90DBA6F}.Debug|Any CPU.Build.0 = Debug|Any CPU
		{926822A4-9A1D-4195-A986-E921C90DBA6F}.Debug|x64.ActiveCfg = Debug|Any CPU
		{926822A4-9A1D-4195-A986-E921C90DBA6F}.Debug|x64.Build.0 = Debug|Any CPU
		{926822A4-9A1D-4195-A986-E921C90DBA6F}.Debug|x86.ActiveCfg = Debug|Any CPU
		{926822A4-9A1D-4195-A986-E921C90DBA6F}.Debug|x86.Build.0 = Debug|Any CPU
		{926822A4-9A1D-4195-A986-E921C90DBA6F}.Release|Any CPU.ActiveCfg = Release|Any CPU
		{926822A4-9A1D-4195-A986-E921C90DBA6F}.Release|Any CPU.Build.0 = Release|Any CPU
		{926822A4-9A1D-4195-A986-E921C90DBA6F}.Release|x64.ActiveCfg = Release|Any CPU
		{926822A4-9A1D-4195-A986-E921C90DBA6F}.Release|x64.Build.0 = Release|Any CPU
		{926822A4-9A1D-4195-A986-E921C90DBA6F}.Release|x86.ActiveCfg = Release|Any CPU
		{926822A4-9A1D-4195-A986-E921C90DBA6F}.Release|x86.Build.0 = Release|Any CPU
	EndGlobalSection
	GlobalSection(SolutionProperties) = preSolution
		HideSolutionNode = FALSE
	EndGlobalSection
	GlobalSection(NestedProjects) = preSolution
		{9F550AD2-AA39-A387-EF72-AF791D48E5CB} = {E77D41BF-B4B5-C8E8-775D-87E29CB2D353}
	EndGlobalSection
	GlobalSection(ExtensibilityGlobals) = postSolution
		SolutionGuid = {FD84EBF0-E233-4548-8C95-726A3FD8E3F5}
	EndGlobalSection
EndGlobal
